
Microsoft Visual Studio Solution File, Format Version 12.00
# Visual Studio Version 17
VisualStudioVersion = 17.5.33502.453
MinimumVisualStudioVersion = 10.0.40219.1
Project("{9A19103F-16F7-4668-BE54-9A1E7A4F7556}") = "BlogsApp.WebAPI", "BlogsApp.WebAPI\BlogsApp.WebAPI.csproj", "{809B3264-C955-4D6C-BB71-168A0646FFAD}"
EndProject
Project("{9A19103F-16F7-4668-BE54-9A1E7A4F7556}") = "BlogsApp.Domain", "BlogsApp.Domain\BlogsApp.Domain.csproj", "{EB68E572-DFBF-455A-AB83-9DE224FDC9B6}"
EndProject
Project("{9A19103F-16F7-4668-BE54-9A1E7A4F7556}") = "BlogsApp.BusinessLogic", "BlogsApp.BusinessLogic\BlogsApp.BusinessLogic.csproj", "{0704DB84-694A-4BC6-A247-7F8DF688F415}"
EndProject
Project("{9A19103F-16F7-4668-BE54-9A1E7A4F7556}") = "BlogsApp.DataAccess", "BlogsApp.DataAccess\BlogsApp.DataAccess.csproj", "{E402AA43-7222-4DF2-B294-EE8538A806B2}"
EndProject
Project("{9A19103F-16F7-4668-BE54-9A1E7A4F7556}") = "BlogsApp.IBusinessLogic", "BlogsApp.IBusinessLogic\BlogsApp.IBusinessLogic.csproj", "{7AA9B27D-4B3E-4A9E-B548-D9C585A2270C}"
EndProject
Project("{9A19103F-16F7-4668-BE54-9A1E7A4F7556}") = "BlogsApp.IDataAccess", "BlogsApp.IDataAccess\BlogsApp.IDataAccess.csproj", "{EFD0D8EC-E286-45B8-9C40-99B07D66D7EE}"
EndProject
Project("{9A19103F-16F7-4668-BE54-9A1E7A4F7556}") = "BlogsApp.Factory", "BlogsApp.Factory\BlogsApp.Factory.csproj", "{573D8E85-A721-48C0-8231-EE7919C61D6A}"
EndProject
Project("{9A19103F-16F7-4668-BE54-9A1E7A4F7556}") = "BusinessLogic.Test", "BusinessLogic.Test\BusinessLogic.Test.csproj", "{04C68E23-0680-44B5-86C6-9C4AECCAE936}"
EndProject
Project("{9A19103F-16F7-4668-BE54-9A1E7A4F7556}") = "DataAccess.Test", "DataAccess.Test\DataAccess.Test.csproj", "{AF6DC136-F07F-4591-AB40-A2D391401FE4}"
EndProject
Project("{9A19103F-16F7-4668-BE54-9A1E7A4F7556}") = "Domain.Tests", "Domain.Tests\Domain.Tests.csproj", "{FF4B8058-4F57-4C30-ADF2-F80370B83D9B}"
EndProject
Project("{9A19103F-16F7-4668-BE54-9A1E7A4F7556}") = "WebApi.Test", "WebApi.Test\WebApi.Test.csproj", "{AFD15FDC-6E3D-482A-BEF2-F24622550BDC}"
EndProject
Global
	GlobalSection(SolutionConfigurationPlatforms) = preSolution
		Debug|Any CPU = Debug|Any CPU
		Release|Any CPU = Release|Any CPU
	EndGlobalSection
	GlobalSection(ProjectConfigurationPlatforms) = postSolution
		{809B3264-C955-4D6C-BB71-168A0646FFAD}.Debug|Any CPU.ActiveCfg = Debug|Any CPU
		{809B3264-C955-4D6C-BB71-168A0646FFAD}.Debug|Any CPU.Build.0 = Debug|Any CPU
		{809B3264-C955-4D6C-BB71-168A0646FFAD}.Release|Any CPU.ActiveCfg = Release|Any CPU
		{809B3264-C955-4D6C-BB71-168A0646FFAD}.Release|Any CPU.Build.0 = Release|Any CPU
		{EB68E572-DFBF-455A-AB83-9DE224FDC9B6}.Debug|Any CPU.ActiveCfg = Debug|Any CPU
		{EB68E572-DFBF-455A-AB83-9DE224FDC9B6}.Debug|Any CPU.Build.0 = Debug|Any CPU
		{EB68E572-DFBF-455A-AB83-9DE224FDC9B6}.Release|Any CPU.ActiveCfg = Release|Any CPU
		{EB68E572-DFBF-455A-AB83-9DE224FDC9B6}.Release|Any CPU.Build.0 = Release|Any CPU
		{0704DB84-694A-4BC6-A247-7F8DF688F415}.Debug|Any CPU.ActiveCfg = Debug|Any CPU
		{0704DB84-694A-4BC6-A247-7F8DF688F415}.Debug|Any CPU.Build.0 = Debug|Any CPU
		{0704DB84-694A-4BC6-A247-7F8DF688F415}.Release|Any CPU.ActiveCfg = Release|Any CPU
		{0704DB84-694A-4BC6-A247-7F8DF688F415}.Release|Any CPU.Build.0 = Release|Any CPU
		{E402AA43-7222-4DF2-B294-EE8538A806B2}.Debug|Any CPU.ActiveCfg = Debug|Any CPU
		{E402AA43-7222-4DF2-B294-EE8538A806B2}.Debug|Any CPU.Build.0 = Debug|Any CPU
		{E402AA43-7222-4DF2-B294-EE8538A806B2}.Release|Any CPU.ActiveCfg = Release|Any CPU
		{E402AA43-7222-4DF2-B294-EE8538A806B2}.Release|Any CPU.Build.0 = Release|Any CPU
		{7AA9B27D-4B3E-4A9E-B548-D9C585A2270C}.Debug|Any CPU.ActiveCfg = Debug|Any CPU
		{7AA9B27D-4B3E-4A9E-B548-D9C585A2270C}.Debug|Any CPU.Build.0 = Debug|Any CPU
		{7AA9B27D-4B3E-4A9E-B548-D9C585A2270C}.Release|Any CPU.ActiveCfg = Release|Any CPU
		{7AA9B27D-4B3E-4A9E-B548-D9C585A2270C}.Release|Any CPU.Build.0 = Release|Any CPU
		{EFD0D8EC-E286-45B8-9C40-99B07D66D7EE}.Debug|Any CPU.ActiveCfg = Debug|Any CPU
		{EFD0D8EC-E286-45B8-9C40-99B07D66D7EE}.Debug|Any CPU.Build.0 = Debug|Any CPU
		{EFD0D8EC-E286-45B8-9C40-99B07D66D7EE}.Release|Any CPU.ActiveCfg = Release|Any CPU
		{EFD0D8EC-E286-45B8-9C40-99B07D66D7EE}.Release|Any CPU.Build.0 = Release|Any CPU
		{573D8E85-A721-48C0-8231-EE7919C61D6A}.Debug|Any CPU.ActiveCfg = Debug|Any CPU
		{573D8E85-A721-48C0-8231-EE7919C61D6A}.Debug|Any CPU.Build.0 = Debug|Any CPU
		{573D8E85-A721-48C0-8231-EE7919C61D6A}.Release|Any CPU.ActiveCfg = Release|Any CPU
		{573D8E85-A721-48C0-8231-EE7919C61D6A}.Release|Any CPU.Build.0 = Release|Any CPU
		{04C68E23-0680-44B5-86C6-9C4AECCAE936}.Debug|Any CPU.ActiveCfg = Debug|Any CPU
		{04C68E23-0680-44B5-86C6-9C4AECCAE936}.Debug|Any CPU.Build.0 = Debug|Any CPU
		{04C68E23-0680-44B5-86C6-9C4AECCAE936}.Release|Any CPU.ActiveCfg = Release|Any CPU
		{04C68E23-0680-44B5-86C6-9C4AECCAE936}.Release|Any CPU.Build.0 = Release|Any CPU
		{AF6DC136-F07F-4591-AB40-A2D391401FE4}.Debug|Any CPU.ActiveCfg = Debug|Any CPU
		{AF6DC136-F07F-4591-AB40-A2D391401FE4}.Debug|Any CPU.Build.0 = Debug|Any CPU
		{AF6DC136-F07F-4591-AB40-A2D391401FE4}.Release|Any CPU.ActiveCfg = Release|Any CPU
		{AF6DC136-F07F-4591-AB40-A2D391401FE4}.Release|Any CPU.Build.0 = Release|Any CPU
		{FF4B8058-4F57-4C30-ADF2-F80370B83D9B}.Debug|Any CPU.ActiveCfg = Debug|Any CPU
		{FF4B8058-4F57-4C30-ADF2-F80370B83D9B}.Debug|Any CPU.Build.0 = Debug|Any CPU
		{FF4B8058-4F57-4C30-ADF2-F80370B83D9B}.Release|Any CPU.ActiveCfg = Release|Any CPU
		{FF4B8058-4F57-4C30-ADF2-F80370B83D9B}.Release|Any CPU.Build.0 = Release|Any CPU
		{AFD15FDC-6E3D-482A-BEF2-F24622550BDC}.Debug|Any CPU.ActiveCfg = Debug|Any CPU
		{AFD15FDC-6E3D-482A-BEF2-F24622550BDC}.Debug|Any CPU.Build.0 = Debug|Any CPU
		{AFD15FDC-6E3D-482A-BEF2-F24622550BDC}.Release|Any CPU.ActiveCfg = Release|Any CPU
		{AFD15FDC-6E3D-482A-BEF2-F24622550BDC}.Release|Any CPU.Build.0 = Release|Any CPU
	EndGlobalSection
	GlobalSection(SolutionProperties) = preSolution
		HideSolutionNode = FALSE
	EndGlobalSection
	GlobalSection(ExtensibilityGlobals) = postSolution
		SolutionGuid = {61572305-5BF2-48A0-9E19-935723D5F6D7}
	EndGlobalSection
EndGlobal
